
Microsoft Visual Studio Solution File, Format Version 12.00
# Visual Studio Version 17
VisualStudioVersion = 17.0.31903.59
MinimumVisualStudioVersion = 10.0.40219.1
Project("{2150E333-8FDC-42A3-9474-1A3956D46DE8}") = "src", "src", "{C9535502-F804-431F-96FC-C6FA6608C021}"
	ProjectSection(SolutionItems) = preProject
		docker-compose.yml = docker-compose.yml
	EndProjectSection
EndProject
Project("{FAE04EC0-301F-11D3-BF4B-00C04F79EFBC}") = "AuctionService", "src\AuctionService\AuctionService.csproj", "{2DE6EAC3-88A5-4445-AA04-4F8C35FACD9C}"
EndProject
Project("{FAE04EC0-301F-11D3-BF4B-00C04F79EFBC}") = "SearchService", "src\SearchService\SearchService.csproj", "{DCD37C5C-C7E6-4C2D-8C08-9B2598653C4D}"
EndProject
Project("{FAE04EC0-301F-11D3-BF4B-00C04F79EFBC}") = "Contracts", "src\Contracts\Contracts.csproj", "{9EB58E75-4857-462A-8C93-538DFC696942}"
EndProject
Project("{FAE04EC0-301F-11D3-BF4B-00C04F79EFBC}") = "IdentityService", "src\IdentityService\IdentityService.csproj", "{A865CDD4-B77B-4633-B950-09D14D1C464F}"
EndProject
Project("{FAE04EC0-301F-11D3-BF4B-00C04F79EFBC}") = "GatewayService", "src\GatewayService\GatewayService.csproj", "{B462D8DD-0D99-4F10-854D-E6156B1CE6F7}"
EndProject
Project("{2150E333-8FDC-42A3-9474-1A3956D46DE8}") = "tests", "tests", "{9270FF61-98F3-4652-AAB9-6AB59D9F63FB}"
EndProject
Project("{FAE04EC0-301F-11D3-BF4B-00C04F79EFBC}") = "AuctionService.UnitTests", "tests\AuctionService.UnitTests\AuctionService.UnitTests.csproj", "{0DF04905-6494-4730-AE9D-2764932F4494}"
EndProject
Project("{FAE04EC0-301F-11D3-BF4B-00C04F79EFBC}") = "AuctionService.IntegrationTests", "tests\AuctionService.IntegrationTests\AuctionService.IntegrationTests.csproj", "{74E6E092-5BC8-4C00-A563-04875B9C9D7E}"
EndProject
Project("{FAE04EC0-301F-11D3-BF4B-00C04F79EFBC}") = "BiddingService", "src\BiddingService\BiddingService.csproj", "{5319BBE7-3DE5-4879-AA7F-A00AEDC9EE39}"
EndProject
Global
	GlobalSection(SolutionConfigurationPlatforms) = preSolution
		Debug|Any CPU = Debug|Any CPU
		Release|Any CPU = Release|Any CPU
	EndGlobalSection
	GlobalSection(SolutionProperties) = preSolution
		HideSolutionNode = FALSE
	EndGlobalSection
	GlobalSection(ProjectConfigurationPlatforms) = postSolution
		{2DE6EAC3-88A5-4445-AA04-4F8C35FACD9C}.Debug|Any CPU.ActiveCfg = Debug|Any CPU
		{2DE6EAC3-88A5-4445-AA04-4F8C35FACD9C}.Debug|Any CPU.Build.0 = Debug|Any CPU
		{2DE6EAC3-88A5-4445-AA04-4F8C35FACD9C}.Release|Any CPU.ActiveCfg = Release|Any CPU
		{2DE6EAC3-88A5-4445-AA04-4F8C35FACD9C}.Release|Any CPU.Build.0 = Release|Any CPU
		{DCD37C5C-C7E6-4C2D-8C08-9B2598653C4D}.Debug|Any CPU.ActiveCfg = Debug|Any CPU
		{DCD37C5C-C7E6-4C2D-8C08-9B2598653C4D}.Debug|Any CPU.Build.0 = Debug|Any CPU
		{DCD37C5C-C7E6-4C2D-8C08-9B2598653C4D}.Release|Any CPU.ActiveCfg = Release|Any CPU
		{DCD37C5C-C7E6-4C2D-8C08-9B2598653C4D}.Release|Any CPU.Build.0 = Release|Any CPU
		{9EB58E75-4857-462A-8C93-538DFC696942}.Debug|Any CPU.ActiveCfg = Debug|Any CPU
		{9EB58E75-4857-462A-8C93-538DFC696942}.Debug|Any CPU.Build.0 = Debug|Any CPU
		{9EB58E75-4857-462A-8C93-538DFC696942}.Release|Any CPU.ActiveCfg = Release|Any CPU
		{9EB58E75-4857-462A-8C93-538DFC696942}.Release|Any CPU.Build.0 = Release|Any CPU
		{A865CDD4-B77B-4633-B950-09D14D1C464F}.Debug|Any CPU.ActiveCfg = Debug|Any CPU
		{A865CDD4-B77B-4633-B950-09D14D1C464F}.Debug|Any CPU.Build.0 = Debug|Any CPU
		{A865CDD4-B77B-4633-B950-09D14D1C464F}.Release|Any CPU.ActiveCfg = Release|Any CPU
		{A865CDD4-B77B-4633-B950-09D14D1C464F}.Release|Any CPU.Build.0 = Release|Any CPU
		{B462D8DD-0D99-4F10-854D-E6156B1CE6F7}.Debug|Any CPU.ActiveCfg = Debug|Any CPU
		{B462D8DD-0D99-4F10-854D-E6156B1CE6F7}.Debug|Any CPU.Build.0 = Debug|Any CPU
		{B462D8DD-0D99-4F10-854D-E6156B1CE6F7}.Release|Any CPU.ActiveCfg = Release|Any CPU
		{B462D8DD-0D99-4F10-854D-E6156B1CE6F7}.Release|Any CPU.Build.0 = Release|Any CPU
		{0DF04905-6494-4730-AE9D-2764932F4494}.Debug|Any CPU.ActiveCfg = Debug|Any CPU
		{0DF04905-6494-4730-AE9D-2764932F4494}.Debug|Any CPU.Build.0 = Debug|Any CPU
		{0DF04905-6494-4730-AE9D-2764932F4494}.Release|Any CPU.ActiveCfg = Release|Any CPU
		{0DF04905-6494-4730-AE9D-2764932F4494}.Release|Any CPU.Build.0 = Release|Any CPU
		{74E6E092-5BC8-4C00-A563-04875B9C9D7E}.Debug|Any CPU.ActiveCfg = Debug|Any CPU
		{74E6E092-5BC8-4C00-A563-04875B9C9D7E}.Debug|Any CPU.Build.0 = Debug|Any CPU
		{74E6E092-5BC8-4C00-A563-04875B9C9D7E}.Release|Any CPU.ActiveCfg = Release|Any CPU
		{74E6E092-5BC8-4C00-A563-04875B9C9D7E}.Release|Any CPU.Build.0 = Release|Any CPU
		{5319BBE7-3DE5-4879-AA7F-A00AEDC9EE39}.Debug|Any CPU.ActiveCfg = Debug|Any CPU
		{5319BBE7-3DE5-4879-AA7F-A00AEDC9EE39}.Debug|Any CPU.Build.0 = Debug|Any CPU
		{5319BBE7-3DE5-4879-AA7F-A00AEDC9EE39}.Release|Any CPU.ActiveCfg = Release|Any CPU
		{5319BBE7-3DE5-4879-AA7F-A00AEDC9EE39}.Release|Any CPU.Build.0 = Release|Any CPU
	EndGlobalSection
	GlobalSection(NestedProjects) = preSolution
		{2DE6EAC3-88A5-4445-AA04-4F8C35FACD9C} = {C9535502-F804-431F-96FC-C6FA6608C021}
		{DCD37C5C-C7E6-4C2D-8C08-9B2598653C4D} = {C9535502-F804-431F-96FC-C6FA6608C021}
		{9EB58E75-4857-462A-8C93-538DFC696942} = {C9535502-F804-431F-96FC-C6FA6608C021}
		{A865CDD4-B77B-4633-B950-09D14D1C464F} = {C9535502-F804-431F-96FC-C6FA6608C021}
		{B462D8DD-0D99-4F10-854D-E6156B1CE6F7} = {C9535502-F804-431F-96FC-C6FA6608C021}
		{0DF04905-6494-4730-AE9D-2764932F4494} = {9270FF61-98F3-4652-AAB9-6AB59D9F63FB}
		{74E6E092-5BC8-4C00-A563-04875B9C9D7E} = {9270FF61-98F3-4652-AAB9-6AB59D9F63FB}
		{5319BBE7-3DE5-4879-AA7F-A00AEDC9EE39} = {C9535502-F804-431F-96FC-C6FA6608C021}
	EndGlobalSection
EndGlobal
